
Microsoft Visual Studio Solution File, Format Version 12.00
# Visual Studio Version 17
VisualStudioVersion = 17.11.35017.193
MinimumVisualStudioVersion = 10.0.40219.1
Project("{FAE04EC0-301F-11D3-BF4B-00C04F79EFBC}") = "Module18Final", "Module18Final\Module18Final.csproj", "{1665CA26-4877-4766-8C82-365295469523}"
EndProject
Global
	GlobalSection(SolutionConfigurationPlatforms) = preSolution
		Debug|Any CPU = Debug|Any CPU
		Release|Any CPU = Release|Any CPU
	EndGlobalSection
	GlobalSection(ProjectConfigurationPlatforms) = postSolution
		{1665CA26-4877-4766-8C82-365295469523}.Debug|Any CPU.ActiveCfg = Debug|Any CPU
		{1665CA26-4877-4766-8C82-365295469523}.Debug|Any CPU.Build.0 = Debug|Any CPU
		{1665CA26-4877-4766-8C82-365295469523}.Release|Any CPU.ActiveCfg = Release|Any CPU
		{1665CA26-4877-4766-8C82-365295469523}.Release|Any CPU.Build.0 = Release|Any CPU
	EndGlobalSection
	GlobalSection(SolutionProperties) = preSolution
		HideSolutionNode = FALSE
	EndGlobalSection
	GlobalSection(ExtensibilityGlobals) = postSolution
		SolutionGuid = {45DB313E-C09C-4517-A81F-49BB3C42F866}
	EndGlobalSection
EndGlobal
